// !$*UTF8*$!
{
	archiveVersion = 1;
	classes = {
	};
	objectVersion = 50;
	objects = {

/* Begin PBXBuildFile section */
		9A498805273C808200833F43 /* UserRegistrationData.swift in Sources */ = {isa = PBXBuildFile; fileRef = 9A498804273C808200833F43 /* UserRegistrationData.swift */; };
		9A640DD82731BC5500E98D2F /* CircleImage.swift in Sources */ = {isa = PBXBuildFile; fileRef = 9A640DD72731BC5500E98D2F /* CircleImage.swift */; };
		9A640DDA2731C6D800E98D2F /* MapView.swift in Sources */ = {isa = PBXBuildFile; fileRef = 9A640DD92731C6D800E98D2F /* MapView.swift */; };
		9A640DDC2731F5F500E98D2F /* LoginView.swift in Sources */ = {isa = PBXBuildFile; fileRef = 9A640DDB2731F5F500E98D2F /* LoginView.swift */; };
		9A9AB1C52739A2B500890974 /* ImageListView.swift in Sources */ = {isa = PBXBuildFile; fileRef = 9A9AB1C42739A2B500890974 /* ImageListView.swift */; };
		9A9AB1C7273B0B4200890974 /* FavoritesView.swift in Sources */ = {isa = PBXBuildFile; fileRef = 9A9AB1C6273B0B4200890974 /* FavoritesView.swift */; };
		9A9AB1C9273B0BCC00890974 /* Pokemon.swift in Sources */ = {isa = PBXBuildFile; fileRef = 9A9AB1C8273B0BCC00890974 /* Pokemon.swift */; };
		9A9AB1CE273B0D4700890974 /* FavoritePokemon.swift in Sources */ = {isa = PBXBuildFile; fileRef = 9A9AB1CD273B0D4700890974 /* FavoritePokemon.swift */; };
		9A9AB1D0273B799200890974 /* PokemonListItemView.swift in Sources */ = {isa = PBXBuildFile; fileRef = 9A9AB1CF273B799200890974 /* PokemonListItemView.swift */; };
		9AE7F3AF26D5637B009E0234 /* SwiftUIDemoApp.swift in Sources */ = {isa = PBXBuildFile; fileRef = 9AE7F3AE26D5637B009E0234 /* SwiftUIDemoApp.swift */; };
		9AE7F3B326D5637D009E0234 /* Assets.xcassets in Resources */ = {isa = PBXBuildFile; fileRef = 9AE7F3B226D5637D009E0234 /* Assets.xcassets */; };
		9AE7F3B626D5637D009E0234 /* Preview Assets.xcassets in Resources */ = {isa = PBXBuildFile; fileRef = 9AE7F3B526D5637D009E0234 /* Preview Assets.xcassets */; };
		9AE7F3C126D5637D009E0234 /* SwiftUIDemoTests.swift in Sources */ = {isa = PBXBuildFile; fileRef = 9AE7F3C026D5637D009E0234 /* SwiftUIDemoTests.swift */; };
		9AE7F3CC26D5637D009E0234 /* SwiftUIDemoUITests.swift in Sources */ = {isa = PBXBuildFile; fileRef = 9AE7F3CB26D5637D009E0234 /* SwiftUIDemoUITests.swift */; };
		9AEC4BA227333220000F201A /* LoginView_Tests.swift in Sources */ = {isa = PBXBuildFile; fileRef = 9AEC4BA127333220000F201A /* LoginView_Tests.swift */; };
		9AFE6CD7273F2F1600AEB833 /* Array+Extensions.swift in Sources */ = {isa = PBXBuildFile; fileRef = 9AFE6CD6273F2F1600AEB833 /* Array+Extensions.swift */; };
		9AFE6CD9273F2F2D00AEB833 /* Dictionary+Extensions.swift in Sources */ = {isa = PBXBuildFile; fileRef = 9AFE6CD8273F2F2D00AEB833 /* Dictionary+Extensions.swift */; };
/* End PBXBuildFile section */

/* Begin PBXContainerItemProxy section */
		9AE7F3BD26D5637D009E0234 /* PBXContainerItemProxy */ = {
			isa = PBXContainerItemProxy;
			containerPortal = 9AE7F3A326D5637B009E0234 /* Project object */;
			proxyType = 1;
			remoteGlobalIDString = 9AE7F3AA26D5637B009E0234;
			remoteInfo = SwiftUIDemo;
		};
		9AE7F3C826D5637D009E0234 /* PBXContainerItemProxy */ = {
			isa = PBXContainerItemProxy;
			containerPortal = 9AE7F3A326D5637B009E0234 /* Project object */;
			proxyType = 1;
			remoteGlobalIDString = 9AE7F3AA26D5637B009E0234;
			remoteInfo = SwiftUIDemo;
		};
/* End PBXContainerItemProxy section */

/* Begin PBXFileReference section */
		9A498804273C808200833F43 /* UserRegistrationData.swift */ = {isa = PBXFileReference; lastKnownFileType = sourcecode.swift; path = UserRegistrationData.swift; sourceTree = "<group>"; };
		9A640DD72731BC5500E98D2F /* CircleImage.swift */ = {isa = PBXFileReference; lastKnownFileType = sourcecode.swift; path = CircleImage.swift; sourceTree = "<group>"; };
		9A640DD92731C6D800E98D2F /* MapView.swift */ = {isa = PBXFileReference; lastKnownFileType = sourcecode.swift; path = MapView.swift; sourceTree = "<group>"; };
		9A640DDB2731F5F500E98D2F /* LoginView.swift */ = {isa = PBXFileReference; lastKnownFileType = sourcecode.swift; path = LoginView.swift; sourceTree = "<group>"; };
		9A9AB1C42739A2B500890974 /* ImageListView.swift */ = {isa = PBXFileReference; lastKnownFileType = sourcecode.swift; path = ImageListView.swift; sourceTree = "<group>"; };
		9A9AB1C6273B0B4200890974 /* FavoritesView.swift */ = {isa = PBXFileReference; lastKnownFileType = sourcecode.swift; path = FavoritesView.swift; sourceTree = "<group>"; };
		9A9AB1C8273B0BCC00890974 /* Pokemon.swift */ = {isa = PBXFileReference; lastKnownFileType = sourcecode.swift; path = Pokemon.swift; sourceTree = "<group>"; };
		9A9AB1CD273B0D4700890974 /* FavoritePokemon.swift */ = {isa = PBXFileReference; lastKnownFileType = sourcecode.swift; path = FavoritePokemon.swift; sourceTree = "<group>"; };
		9A9AB1CF273B799200890974 /* PokemonListItemView.swift */ = {isa = PBXFileReference; lastKnownFileType = sourcecode.swift; path = PokemonListItemView.swift; sourceTree = "<group>"; };
		9AE7F3AB26D5637B009E0234 /* SwiftUIDemo.app */ = {isa = PBXFileReference; explicitFileType = wrapper.application; includeInIndex = 0; path = SwiftUIDemo.app; sourceTree = BUILT_PRODUCTS_DIR; };
		9AE7F3AE26D5637B009E0234 /* SwiftUIDemoApp.swift */ = {isa = PBXFileReference; lastKnownFileType = sourcecode.swift; path = SwiftUIDemoApp.swift; sourceTree = "<group>"; };
		9AE7F3B226D5637D009E0234 /* Assets.xcassets */ = {isa = PBXFileReference; lastKnownFileType = folder.assetcatalog; path = Assets.xcassets; sourceTree = "<group>"; };
		9AE7F3B526D5637D009E0234 /* Preview Assets.xcassets */ = {isa = PBXFileReference; lastKnownFileType = folder.assetcatalog; path = "Preview Assets.xcassets"; sourceTree = "<group>"; };
		9AE7F3B726D5637D009E0234 /* Info.plist */ = {isa = PBXFileReference; lastKnownFileType = text.plist.xml; path = Info.plist; sourceTree = "<group>"; };
		9AE7F3BC26D5637D009E0234 /* SwiftUIDemoTests.xctest */ = {isa = PBXFileReference; explicitFileType = wrapper.cfbundle; includeInIndex = 0; path = SwiftUIDemoTests.xctest; sourceTree = BUILT_PRODUCTS_DIR; };
		9AE7F3C026D5637D009E0234 /* SwiftUIDemoTests.swift */ = {isa = PBXFileReference; lastKnownFileType = sourcecode.swift; path = SwiftUIDemoTests.swift; sourceTree = "<group>"; };
		9AE7F3C226D5637D009E0234 /* Info.plist */ = {isa = PBXFileReference; lastKnownFileType = text.plist.xml; path = Info.plist; sourceTree = "<group>"; };
		9AE7F3C726D5637D009E0234 /* SwiftUIDemoUITests.xctest */ = {isa = PBXFileReference; explicitFileType = wrapper.cfbundle; includeInIndex = 0; path = SwiftUIDemoUITests.xctest; sourceTree = BUILT_PRODUCTS_DIR; };
		9AE7F3CB26D5637D009E0234 /* SwiftUIDemoUITests.swift */ = {isa = PBXFileReference; lastKnownFileType = sourcecode.swift; path = SwiftUIDemoUITests.swift; sourceTree = "<group>"; };
		9AE7F3CD26D5637D009E0234 /* Info.plist */ = {isa = PBXFileReference; lastKnownFileType = text.plist.xml; path = Info.plist; sourceTree = "<group>"; };
		9AEC4BA127333220000F201A /* LoginView_Tests.swift */ = {isa = PBXFileReference; lastKnownFileType = sourcecode.swift; path = LoginView_Tests.swift; sourceTree = "<group>"; };
		9AFE6CD6273F2F1600AEB833 /* Array+Extensions.swift */ = {isa = PBXFileReference; lastKnownFileType = sourcecode.swift; path = "Array+Extensions.swift"; sourceTree = "<group>"; };
		9AFE6CD8273F2F2D00AEB833 /* Dictionary+Extensions.swift */ = {isa = PBXFileReference; lastKnownFileType = sourcecode.swift; path = "Dictionary+Extensions.swift"; sourceTree = "<group>"; };
/* End PBXFileReference section */

/* Begin PBXFrameworksBuildPhase section */
		9AE7F3A826D5637B009E0234 /* Frameworks */ = {
			isa = PBXFrameworksBuildPhase;
			buildActionMask = 2147483647;
			files = (
			);
			runOnlyForDeploymentPostprocessing = 0;
		};
		9AE7F3B926D5637D009E0234 /* Frameworks */ = {
			isa = PBXFrameworksBuildPhase;
			buildActionMask = 2147483647;
			files = (
			);
			runOnlyForDeploymentPostprocessing = 0;
		};
		9AE7F3C426D5637D009E0234 /* Frameworks */ = {
			isa = PBXFrameworksBuildPhase;
			buildActionMask = 2147483647;
			files = (
			);
			runOnlyForDeploymentPostprocessing = 0;
		};
/* End PBXFrameworksBuildPhase section */

/* Begin PBXGroup section */
		9A9AB1CA273B0BD400890974 /* Data Model */ = {
			isa = PBXGroup;
			children = (
				9A9AB1C8273B0BCC00890974 /* Pokemon.swift */,
				9A498804273C808200833F43 /* UserRegistrationData.swift */,
			);
			path = "Data Model";
			sourceTree = "<group>";
		};
		9A9AB1CB273B0BDC00890974 /* Views */ = {
			isa = PBXGroup;
			children = (
				9A9AB1C6273B0B4200890974 /* FavoritesView.swift */,
				9A640DDB2731F5F500E98D2F /* LoginView.swift */,
				9A9AB1C42739A2B500890974 /* ImageListView.swift */,
				9A640DD72731BC5500E98D2F /* CircleImage.swift */,
				9A640DD92731C6D800E98D2F /* MapView.swift */,
				9A9AB1CF273B799200890974 /* PokemonListItemView.swift */,
			);
			path = Views;
			sourceTree = "<group>";
		};
		9A9AB1CC273B0D3400890974 /* Classes */ = {
			isa = PBXGroup;
			children = (
				9A9AB1CD273B0D4700890974 /* FavoritePokemon.swift */,
			);
			path = Classes;
			sourceTree = "<group>";
		};
		9AE7F3A226D5637B009E0234 = {
			isa = PBXGroup;
			children = (
				9AE7F3AD26D5637B009E0234 /* SwiftUIDemo */,
				9AE7F3BF26D5637D009E0234 /* SwiftUIDemoTests */,
				9AE7F3CA26D5637D009E0234 /* SwiftUIDemoUITests */,
				9AE7F3AC26D5637B009E0234 /* Products */,
			);
			sourceTree = "<group>";
		};
		9AE7F3AC26D5637B009E0234 /* Products */ = {
			isa = PBXGroup;
			children = (
				9AE7F3AB26D5637B009E0234 /* SwiftUIDemo.app */,
				9AE7F3BC26D5637D009E0234 /* SwiftUIDemoTests.xctest */,
				9AE7F3C726D5637D009E0234 /* SwiftUIDemoUITests.xctest */,
			);
			name = Products;
			sourceTree = "<group>";
		};
		9AE7F3AD26D5637B009E0234 /* SwiftUIDemo */ = {
			isa = PBXGroup;
			children = (
				9AFE6CD5273F2F0600AEB833 /* Extensions */,
				9AE7F3AE26D5637B009E0234 /* SwiftUIDemoApp.swift */,
				9A9AB1CB273B0BDC00890974 /* Views */,
				9A9AB1CA273B0BD400890974 /* Data Model */,
				9A9AB1CC273B0D3400890974 /* Classes */,
				9AE7F3B226D5637D009E0234 /* Assets.xcassets */,
				9AE7F3B726D5637D009E0234 /* Info.plist */,
				9AE7F3B426D5637D009E0234 /* Preview Content */,
			);
			path = SwiftUIDemo;
			sourceTree = "<group>";
		};
		9AE7F3B426D5637D009E0234 /* Preview Content */ = {
			isa = PBXGroup;
			children = (
				9AE7F3B526D5637D009E0234 /* Preview Assets.xcassets */,
			);
			path = "Preview Content";
			sourceTree = "<group>";
		};
		9AE7F3BF26D5637D009E0234 /* SwiftUIDemoTests */ = {
			isa = PBXGroup;
			children = (
				9AE7F3C026D5637D009E0234 /* SwiftUIDemoTests.swift */,
				9AEC4BA127333220000F201A /* LoginView_Tests.swift */,
				9AE7F3C226D5637D009E0234 /* Info.plist */,
			);
			path = SwiftUIDemoTests;
			sourceTree = "<group>";
		};
		9AE7F3CA26D5637D009E0234 /* SwiftUIDemoUITests */ = {
			isa = PBXGroup;
			children = (
				9AE7F3CB26D5637D009E0234 /* SwiftUIDemoUITests.swift */,
				9AE7F3CD26D5637D009E0234 /* Info.plist */,
			);
			path = SwiftUIDemoUITests;
			sourceTree = "<group>";
		};
		9AFE6CD5273F2F0600AEB833 /* Extensions */ = {
			isa = PBXGroup;
			children = (
				9AFE6CD6273F2F1600AEB833 /* Array+Extensions.swift */,
				9AFE6CD8273F2F2D00AEB833 /* Dictionary+Extensions.swift */,
			);
			path = Extensions;
			sourceTree = "<group>";
		};
/* End PBXGroup section */

/* Begin PBXNativeTarget section */
		9AE7F3AA26D5637B009E0234 /* SwiftUIDemo */ = {
			isa = PBXNativeTarget;
			buildConfigurationList = 9AE7F3D026D5637D009E0234 /* Build configuration list for PBXNativeTarget "SwiftUIDemo" */;
			buildPhases = (
				9AE7F3A726D5637B009E0234 /* Sources */,
				9AE7F3A826D5637B009E0234 /* Frameworks */,
				9AE7F3A926D5637B009E0234 /* Resources */,
			);
			buildRules = (
			);
			dependencies = (
			);
			name = SwiftUIDemo;
			productName = SwiftUIDemo;
			productReference = 9AE7F3AB26D5637B009E0234 /* SwiftUIDemo.app */;
			productType = "com.apple.product-type.application";
		};
		9AE7F3BB26D5637D009E0234 /* SwiftUIDemoTests */ = {
			isa = PBXNativeTarget;
			buildConfigurationList = 9AE7F3D326D5637D009E0234 /* Build configuration list for PBXNativeTarget "SwiftUIDemoTests" */;
			buildPhases = (
				9AE7F3B826D5637D009E0234 /* Sources */,
				9AE7F3B926D5637D009E0234 /* Frameworks */,
				9AE7F3BA26D5637D009E0234 /* Resources */,
			);
			buildRules = (
			);
			dependencies = (
				9AE7F3BE26D5637D009E0234 /* PBXTargetDependency */,
			);
			name = SwiftUIDemoTests;
			productName = SwiftUIDemoTests;
			productReference = 9AE7F3BC26D5637D009E0234 /* SwiftUIDemoTests.xctest */;
			productType = "com.apple.product-type.bundle.unit-test";
		};
		9AE7F3C626D5637D009E0234 /* SwiftUIDemoUITests */ = {
			isa = PBXNativeTarget;
			buildConfigurationList = 9AE7F3D626D5637D009E0234 /* Build configuration list for PBXNativeTarget "SwiftUIDemoUITests" */;
			buildPhases = (
				9AE7F3C326D5637D009E0234 /* Sources */,
				9AE7F3C426D5637D009E0234 /* Frameworks */,
				9AE7F3C526D5637D009E0234 /* Resources */,
			);
			buildRules = (
			);
			dependencies = (
				9AE7F3C926D5637D009E0234 /* PBXTargetDependency */,
			);
			name = SwiftUIDemoUITests;
			productName = SwiftUIDemoUITests;
			productReference = 9AE7F3C726D5637D009E0234 /* SwiftUIDemoUITests.xctest */;
			productType = "com.apple.product-type.bundle.ui-testing";
		};
/* End PBXNativeTarget section */

/* Begin PBXProject section */
		9AE7F3A326D5637B009E0234 /* Project object */ = {
			isa = PBXProject;
			attributes = {
				LastSwiftUpdateCheck = 1250;
				LastUpgradeCheck = 1250;
				TargetAttributes = {
					9AE7F3AA26D5637B009E0234 = {
						CreatedOnToolsVersion = 12.5.1;
					};
					9AE7F3BB26D5637D009E0234 = {
						CreatedOnToolsVersion = 12.5.1;
						TestTargetID = 9AE7F3AA26D5637B009E0234;
					};
					9AE7F3C626D5637D009E0234 = {
						CreatedOnToolsVersion = 12.5.1;
						TestTargetID = 9AE7F3AA26D5637B009E0234;
					};
				};
			};
			buildConfigurationList = 9AE7F3A626D5637B009E0234 /* Build configuration list for PBXProject "SwiftUIDemo" */;
			compatibilityVersion = "Xcode 9.3";
			developmentRegion = en;
			hasScannedForEncodings = 0;
			knownRegions = (
				en,
				Base,
			);
			mainGroup = 9AE7F3A226D5637B009E0234;
			productRefGroup = 9AE7F3AC26D5637B009E0234 /* Products */;
			projectDirPath = "";
			projectRoot = "";
			targets = (
				9AE7F3AA26D5637B009E0234 /* SwiftUIDemo */,
				9AE7F3BB26D5637D009E0234 /* SwiftUIDemoTests */,
				9AE7F3C626D5637D009E0234 /* SwiftUIDemoUITests */,
			);
		};
/* End PBXProject section */

/* Begin PBXResourcesBuildPhase section */
		9AE7F3A926D5637B009E0234 /* Resources */ = {
			isa = PBXResourcesBuildPhase;
			buildActionMask = 2147483647;
			files = (
				9AE7F3B626D5637D009E0234 /* Preview Assets.xcassets in Resources */,
				9AE7F3B326D5637D009E0234 /* Assets.xcassets in Resources */,
			);
			runOnlyForDeploymentPostprocessing = 0;
		};
		9AE7F3BA26D5637D009E0234 /* Resources */ = {
			isa = PBXResourcesBuildPhase;
			buildActionMask = 2147483647;
			files = (
			);
			runOnlyForDeploymentPostprocessing = 0;
		};
		9AE7F3C526D5637D009E0234 /* Resources */ = {
			isa = PBXResourcesBuildPhase;
			buildActionMask = 2147483647;
			files = (
			);
			runOnlyForDeploymentPostprocessing = 0;
		};
/* End PBXResourcesBuildPhase section */

/* Begin PBXSourcesBuildPhase section */
		9AE7F3A726D5637B009E0234 /* Sources */ = {
			isa = PBXSourcesBuildPhase;
			buildActionMask = 2147483647;
			files = (
				9A9AB1D0273B799200890974 /* PokemonListItemView.swift in Sources */,
				9A9AB1C9273B0BCC00890974 /* Pokemon.swift in Sources */,
				9A9AB1CE273B0D4700890974 /* FavoritePokemon.swift in Sources */,
				9AFE6CD7273F2F1600AEB833 /* Array+Extensions.swift in Sources */,
				9A640DDA2731C6D800E98D2F /* MapView.swift in Sources */,
				9AE7F3AF26D5637B009E0234 /* SwiftUIDemoApp.swift in Sources */,
				9A9AB1C7273B0B4200890974 /* FavoritesView.swift in Sources */,
				9A640DDC2731F5F500E98D2F /* LoginView.swift in Sources */,
				9A498805273C808200833F43 /* UserRegistrationData.swift in Sources */,
				9A9AB1C52739A2B500890974 /* ImageListView.swift in Sources */,
				9A640DD82731BC5500E98D2F /* CircleImage.swift in Sources */,
				9AFE6CD9273F2F2D00AEB833 /* Dictionary+Extensions.swift in Sources */,
			);
			runOnlyForDeploymentPostprocessing = 0;
		};
		9AE7F3B826D5637D009E0234 /* Sources */ = {
			isa = PBXSourcesBuildPhase;
			buildActionMask = 2147483647;
			files = (
				9AEC4BA227333220000F201A /* LoginView_Tests.swift in Sources */,
				9AE7F3C126D5637D009E0234 /* SwiftUIDemoTests.swift in Sources */,
			);
			runOnlyForDeploymentPostprocessing = 0;
		};
		9AE7F3C326D5637D009E0234 /* Sources */ = {
			isa = PBXSourcesBuildPhase;
			buildActionMask = 2147483647;
			files = (
				9AE7F3CC26D5637D009E0234 /* SwiftUIDemoUITests.swift in Sources */,
			);
			runOnlyForDeploymentPostprocessing = 0;
		};
/* End PBXSourcesBuildPhase section */

/* Begin PBXTargetDependency section */
		9AE7F3BE26D5637D009E0234 /* PBXTargetDependency */ = {
			isa = PBXTargetDependency;
			target = 9AE7F3AA26D5637B009E0234 /* SwiftUIDemo */;
			targetProxy = 9AE7F3BD26D5637D009E0234 /* PBXContainerItemProxy */;
		};
		9AE7F3C926D5637D009E0234 /* PBXTargetDependency */ = {
			isa = PBXTargetDependency;
			target = 9AE7F3AA26D5637B009E0234 /* SwiftUIDemo */;
			targetProxy = 9AE7F3C826D5637D009E0234 /* PBXContainerItemProxy */;
		};
/* End PBXTargetDependency section */

/* Begin XCBuildConfiguration section */
		9AE7F3CE26D5637D009E0234 /* Debug */ = {
			isa = XCBuildConfiguration;
			buildSettings = {
				ALWAYS_SEARCH_USER_PATHS = NO;
				CLANG_ANALYZER_NONNULL = YES;
				CLANG_ANALYZER_NUMBER_OBJECT_CONVERSION = YES_AGGRESSIVE;
				CLANG_CXX_LANGUAGE_STANDARD = "gnu++14";
				CLANG_CXX_LIBRARY = "libc++";
				CLANG_ENABLE_MODULES = YES;
				CLANG_ENABLE_OBJC_ARC = YES;
				CLANG_ENABLE_OBJC_WEAK = YES;
				CLANG_WARN_BLOCK_CAPTURE_AUTORELEASING = YES;
				CLANG_WARN_BOOL_CONVERSION = YES;
				CLANG_WARN_COMMA = YES;
				CLANG_WARN_CONSTANT_CONVERSION = YES;
				CLANG_WARN_DEPRECATED_OBJC_IMPLEMENTATIONS = YES;
				CLANG_WARN_DIRECT_OBJC_ISA_USAGE = YES_ERROR;
				CLANG_WARN_DOCUMENTATION_COMMENTS = YES;
				CLANG_WARN_EMPTY_BODY = YES;
				CLANG_WARN_ENUM_CONVERSION = YES;
				CLANG_WARN_INFINITE_RECURSION = YES;
				CLANG_WARN_INT_CONVERSION = YES;
				CLANG_WARN_NON_LITERAL_NULL_CONVERSION = YES;
				CLANG_WARN_OBJC_IMPLICIT_RETAIN_SELF = YES;
				CLANG_WARN_OBJC_LITERAL_CONVERSION = YES;
				CLANG_WARN_OBJC_ROOT_CLASS = YES_ERROR;
				CLANG_WARN_QUOTED_INCLUDE_IN_FRAMEWORK_HEADER = YES;
				CLANG_WARN_RANGE_LOOP_ANALYSIS = YES;
				CLANG_WARN_STRICT_PROTOTYPES = YES;
				CLANG_WARN_SUSPICIOUS_MOVE = YES;
				CLANG_WARN_UNGUARDED_AVAILABILITY = YES_AGGRESSIVE;
				CLANG_WARN_UNREACHABLE_CODE = YES;
				CLANG_WARN__DUPLICATE_METHOD_MATCH = YES;
				COPY_PHASE_STRIP = NO;
				DEBUG_INFORMATION_FORMAT = dwarf;
				ENABLE_STRICT_OBJC_MSGSEND = YES;
				ENABLE_TESTABILITY = YES;
				GCC_C_LANGUAGE_STANDARD = gnu11;
				GCC_DYNAMIC_NO_PIC = NO;
				GCC_NO_COMMON_BLOCKS = YES;
				GCC_OPTIMIZATION_LEVEL = 0;
				GCC_PREPROCESSOR_DEFINITIONS = (
					"DEBUG=1",
					"$(inherited)",
				);
				GCC_WARN_64_TO_32_BIT_CONVERSION = YES;
				GCC_WARN_ABOUT_RETURN_TYPE = YES_ERROR;
				GCC_WARN_UNDECLARED_SELECTOR = YES;
				GCC_WARN_UNINITIALIZED_AUTOS = YES_AGGRESSIVE;
				GCC_WARN_UNUSED_FUNCTION = YES;
				GCC_WARN_UNUSED_VARIABLE = YES;
				IPHONEOS_DEPLOYMENT_TARGET = 15.0;
				MTL_ENABLE_DEBUG_INFO = INCLUDE_SOURCE;
				MTL_FAST_MATH = YES;
				ONLY_ACTIVE_ARCH = YES;
				SDKROOT = iphoneos;
				SWIFT_ACTIVE_COMPILATION_CONDITIONS = DEBUG;
				SWIFT_OPTIMIZATION_LEVEL = "-Onone";
			};
			name = Debug;
		};
		9AE7F3CF26D5637D009E0234 /* Release */ = {
			isa = XCBuildConfiguration;
			buildSettings = {
				ALWAYS_SEARCH_USER_PATHS = NO;
				CLANG_ANALYZER_NONNULL = YES;
				CLANG_ANALYZER_NUMBER_OBJECT_CONVERSION = YES_AGGRESSIVE;
				CLANG_CXX_LANGUAGE_STANDARD = "gnu++14";
				CLANG_CXX_LIBRARY = "libc++";
				CLANG_ENABLE_MODULES = YES;
				CLANG_ENABLE_OBJC_ARC = YES;
				CLANG_ENABLE_OBJC_WEAK = YES;
				CLANG_WARN_BLOCK_CAPTURE_AUTORELEASING = YES;
				CLANG_WARN_BOOL_CONVERSION = YES;
				CLANG_WARN_COMMA = YES;
				CLANG_WARN_CONSTANT_CONVERSION = YES;
				CLANG_WARN_DEPRECATED_OBJC_IMPLEMENTATIONS = YES;
				CLANG_WARN_DIRECT_OBJC_ISA_USAGE = YES_ERROR;
				CLANG_WARN_DOCUMENTATION_COMMENTS = YES;
				CLANG_WARN_EMPTY_BODY = YES;
				CLANG_WARN_ENUM_CONVERSION = YES;
				CLANG_WARN_INFINITE_RECURSION = YES;
				CLANG_WARN_INT_CONVERSION = YES;
				CLANG_WARN_NON_LITERAL_NULL_CONVERSION = YES;
				CLANG_WARN_OBJC_IMPLICIT_RETAIN_SELF = YES;
				CLANG_WARN_OBJC_LITERAL_CONVERSION = YES;
				CLANG_WARN_OBJC_ROOT_CLASS = YES_ERROR;
				CLANG_WARN_QUOTED_INCLUDE_IN_FRAMEWORK_HEADER = YES;
				CLANG_WARN_RANGE_LOOP_ANALYSIS = YES;
				CLANG_WARN_STRICT_PROTOTYPES = YES;
				CLANG_WARN_SUSPICIOUS_MOVE = YES;
				CLANG_WARN_UNGUARDED_AVAILABILITY = YES_AGGRESSIVE;
				CLANG_WARN_UNREACHABLE_CODE = YES;
				CLANG_WARN__DUPLICATE_METHOD_MATCH = YES;
				COPY_PHASE_STRIP = NO;
				DEBUG_INFORMATION_FORMAT = "dwarf-with-dsym";
				ENABLE_NS_ASSERTIONS = NO;
				ENABLE_STRICT_OBJC_MSGSEND = YES;
				GCC_C_LANGUAGE_STANDARD = gnu11;
				GCC_NO_COMMON_BLOCKS = YES;
				GCC_WARN_64_TO_32_BIT_CONVERSION = YES;
				GCC_WARN_ABOUT_RETURN_TYPE = YES_ERROR;
				GCC_WARN_UNDECLARED_SELECTOR = YES;
				GCC_WARN_UNINITIALIZED_AUTOS = YES_AGGRESSIVE;
				GCC_WARN_UNUSED_FUNCTION = YES;
				GCC_WARN_UNUSED_VARIABLE = YES;
				IPHONEOS_DEPLOYMENT_TARGET = 15.0;
				MTL_ENABLE_DEBUG_INFO = NO;
				MTL_FAST_MATH = YES;
				SDKROOT = iphoneos;
				SWIFT_COMPILATION_MODE = wholemodule;
				SWIFT_OPTIMIZATION_LEVEL = "-O";
				VALIDATE_PRODUCT = YES;
			};
			name = Release;
		};
		9AE7F3D126D5637D009E0234 /* Debug */ = {
			isa = XCBuildConfiguration;
			buildSettings = {
				ASSETCATALOG_COMPILER_APPICON_NAME = AppIcon;
				ASSETCATALOG_COMPILER_GLOBAL_ACCENT_COLOR_NAME = AccentColor;
				CODE_SIGN_STYLE = Automatic;
				DEVELOPMENT_ASSET_PATHS = "\"SwiftUIDemo/Preview Content\"";
				ENABLE_PREVIEWS = YES;
				INFOPLIST_FILE = SwiftUIDemo/Info.plist;
				IPHONEOS_DEPLOYMENT_TARGET = 15.0;
				LD_RUNPATH_SEARCH_PATHS = (
					"$(inherited)",
					"@executable_path/Frameworks",
				);
				PRODUCT_BUNDLE_IDENTIFIER = com.danielno.SwiftUIDemo;
				PRODUCT_NAME = "$(TARGET_NAME)";
				SWIFT_VERSION = 5.0;
				TARGETED_DEVICE_FAMILY = "1,2";
			};
			name = Debug;
		};
		9AE7F3D226D5637D009E0234 /* Release */ = {
			isa = XCBuildConfiguration;
			buildSettings = {
				ASSETCATALOG_COMPILER_APPICON_NAME = AppIcon;
				ASSETCATALOG_COMPILER_GLOBAL_ACCENT_COLOR_NAME = AccentColor;
				CODE_SIGN_STYLE = Automatic;
				DEVELOPMENT_ASSET_PATHS = "\"SwiftUIDemo/Preview Content\"";
				ENABLE_PREVIEWS = YES;
				INFOPLIST_FILE = SwiftUIDemo/Info.plist;
				IPHONEOS_DEPLOYMENT_TARGET = 15.0;
				LD_RUNPATH_SEARCH_PATHS = (
					"$(inherited)",
					"@executable_path/Frameworks",
				);
				PRODUCT_BUNDLE_IDENTIFIER = com.danielno.SwiftUIDemo;
				PRODUCT_NAME = "$(TARGET_NAME)";
				SWIFT_VERSION = 5.0;
				TARGETED_DEVICE_FAMILY = "1,2";
			};
			name = Release;
		};
		9AE7F3D426D5637D009E0234 /* Debug */ = {
			isa = XCBuildConfiguration;
			buildSettings = {
				ALWAYS_EMBED_SWIFT_STANDARD_LIBRARIES = YES;
				BUNDLE_LOADER = "$(TEST_HOST)";
				CODE_SIGN_STYLE = Automatic;
				INFOPLIST_FILE = SwiftUIDemoTests/Info.plist;
				IPHONEOS_DEPLOYMENT_TARGET = 15.0;
				LD_RUNPATH_SEARCH_PATHS = (
					"$(inherited)",
					"@executable_path/Frameworks",
					"@loader_path/Frameworks",
				);
				PRODUCT_BUNDLE_IDENTIFIER = com.danielno.SwiftUIDemoTests;
				PRODUCT_NAME = "$(TARGET_NAME)";
				SWIFT_VERSION = 5.0;
				TARGETED_DEVICE_FAMILY = "1,2";
				TEST_HOST = "$(BUILT_PRODUCTS_DIR)/SwiftUIDemo.app/SwiftUIDemo";
			};
			name = Debug;
		};
		9AE7F3D526D5637D009E0234 /* Release */ = {
			isa = XCBuildConfiguration;
			buildSettings = {
				ALWAYS_EMBED_SWIFT_STANDARD_LIBRARIES = YES;
				BUNDLE_LOADER = "$(TEST_HOST)";
				CODE_SIGN_STYLE = Automatic;
				INFOPLIST_FILE = SwiftUIDemoTests/Info.plist;
				IPHONEOS_DEPLOYMENT_TARGET = 15.0;
				LD_RUNPATH_SEARCH_PATHS = (
					"$(inherited)",
					"@executable_path/Frameworks",
					"@loader_path/Frameworks",
				);
				PRODUCT_BUNDLE_IDENTIFIER = com.danielno.SwiftUIDemoTests;
				PRODUCT_NAME = "$(TARGET_NAME)";
				SWIFT_VERSION = 5.0;
				TARGETED_DEVICE_FAMILY = "1,2";
				TEST_HOST = "$(BUILT_PRODUCTS_DIR)/SwiftUIDemo.app/SwiftUIDemo";
			};
			name = Release;
		};
		9AE7F3D726D5637D009E0234 /* Debug */ = {
			isa = XCBuildConfiguration;
			buildSettings = {
				ALWAYS_EMBED_SWIFT_STANDARD_LIBRARIES = YES;
				CODE_SIGN_STYLE = Automatic;
				INFOPLIST_FILE = SwiftUIDemoUITests/Info.plist;
				LD_RUNPATH_SEARCH_PATHS = (
					"$(inherited)",
					"@executable_path/Frameworks",
					"@loader_path/Frameworks",
				);
				PRODUCT_BUNDLE_IDENTIFIER = com.danielno.SwiftUIDemoUITests;
				PRODUCT_NAME = "$(TARGET_NAME)";
				SWIFT_VERSION = 5.0;
				TARGETED_DEVICE_FAMILY = "1,2";
				TEST_TARGET_NAME = SwiftUIDemo;
			};
			name = Debug;
		};
		9AE7F3D826D5637D009E0234 /* Release */ = {
			isa = XCBuildConfiguration;
			buildSettings = {
				ALWAYS_EMBED_SWIFT_STANDARD_LIBRARIES = YES;
				CODE_SIGN_STYLE = Automatic;
				INFOPLIST_FILE = SwiftUIDemoUITests/Info.plist;
				LD_RUNPATH_SEARCH_PATHS = (
					"$(inherited)",
					"@executable_path/Frameworks",
					"@loader_path/Frameworks",
				);
				PRODUCT_BUNDLE_IDENTIFIER = com.danielno.SwiftUIDemoUITests;
				PRODUCT_NAME = "$(TARGET_NAME)";
				SWIFT_VERSION = 5.0;
				TARGETED_DEVICE_FAMILY = "1,2";
				TEST_TARGET_NAME = SwiftUIDemo;
			};
			name = Release;
		};
/* End XCBuildConfiguration section */

/* Begin XCConfigurationList section */
		9AE7F3A626D5637B009E0234 /* Build configuration list for PBXProject "SwiftUIDemo" */ = {
			isa = XCConfigurationList;
			buildConfigurations = (
				9AE7F3CE26D5637D009E0234 /* Debug */,
				9AE7F3CF26D5637D009E0234 /* Release */,
			);
			defaultConfigurationIsVisible = 0;
			defaultConfigurationName = Release;
		};
		9AE7F3D026D5637D009E0234 /* Build configuration list for PBXNativeTarget "SwiftUIDemo" */ = {
			isa = XCConfigurationList;
			buildConfigurations = (
				9AE7F3D126D5637D009E0234 /* Debug */,
				9AE7F3D226D5637D009E0234 /* Release */,
			);
			defaultConfigurationIsVisible = 0;
			defaultConfigurationName = Release;
		};
		9AE7F3D326D5637D009E0234 /* Build configuration list for PBXNativeTarget "SwiftUIDemoTests" */ = {
			isa = XCConfigurationList;
			buildConfigurations = (
				9AE7F3D426D5637D009E0234 /* Debug */,
				9AE7F3D526D5637D009E0234 /* Release */,
			);
			defaultConfigurationIsVisible = 0;
			defaultConfigurationName = Release;
		};
		9AE7F3D626D5637D009E0234 /* Build configuration list for PBXNativeTarget "SwiftUIDemoUITests" */ = {
			isa = XCConfigurationList;
			buildConfigurations = (
				9AE7F3D726D5637D009E0234 /* Debug */,
				9AE7F3D826D5637D009E0234 /* Release */,
			);
			defaultConfigurationIsVisible = 0;
			defaultConfigurationName = Release;
		};
/* End XCConfigurationList section */
	};
	rootObject = 9AE7F3A326D5637B009E0234 /* Project object */;
}
